// !$*UTF8*$!
{
	archiveVersion = 1;
	classes = {
	};
	objectVersion = 60;
	objects = {

/* Begin PBXBuildFile section */
		2FAD9763203C412B000D30F8 /* config.xml in Resources */ = {isa = PBXBuildFile; fileRef = 2FAD9762203C412B000D30F8 /* config.xml */; };
		4D22ABE92AF431CB00220026 /* CapApp-SPM in Frameworks */ = {isa = PBXBuildFile; productRef = 4D22ABE82AF431CB00220026 /* CapApp-SPM */; };
		50379B232058CBB4000EE86E /* capacitor.config.json in Resources */ = {isa = PBXBuildFile; fileRef = 50379B222058CBB4000EE86E /* capacitor.config.json */; };
		504EC3081FED79650016851F /* AppDelegate.swift in Sources */ = {isa = PBXBuildFile; fileRef = 504EC3071FED79650016851F /* AppDelegate.swift */; };
		504EC30D1FED79650016851F /* Main.storyboard in Resources */ = {isa = PBXBuildFile; fileRef = 504EC30B1FED79650016851F /* Main.storyboard */; };
		504EC30F1FED79650016851F /* Assets.xcassets in Resources */ = {isa = PBXBuildFile; fileRef = 504EC30E1FED79650016851F /* Assets.xcassets */; };
		504EC3121FED79650016851F /* LaunchScreen.storyboard in Resources */ = {isa = PBXBuildFile; fileRef = 504EC3101FED79650016851F /* LaunchScreen.storyboard */; };
		50B271D11FEDC1A000F3C39B /* public in Resources */ = {isa = PBXBuildFile; fileRef = 50B271D01FEDC1A000F3C39B /* public */; };
		9582B6832FE993A70072D4E8 /* SceneDelegate.swift in Sources */ = {isa = PBXBuildFile; fileRef = 9582B6822FE993A50072D4E8 /* SceneDelegate.swift */; };
		E18991411B7B4911908D70EA /* MortifyViewController.swift in Sources */ = {isa = PBXBuildFile; fileRef = 932569E3DA4C45E7B2205FC8 /* MortifyViewController.swift */; };
		55933638DABB49DC826273CA /* MortifyVaultPlugin.swift in Sources */ = {isa = PBXBuildFile; fileRef = 9E2E53D6903B4D87BDCFC59D /* MortifyVaultPlugin.swift */; };
		380AE024F5514C0B99F645C2 /* MortifyShieldPlugin.swift in Sources */ = {isa = PBXBuildFile; fileRef = 6860F94902BF492FAB723D8E /* MortifyShieldPlugin.swift */; };
		3DEFFAE18E94450C93E12B1C /* MortifyAppearancePlugin.swift in Sources */ = {isa = PBXBuildFile; fileRef = 9E5E3CDA9B444868B11DAD39 /* MortifyAppearancePlugin.swift */; };
		D2B5CAE70A194759B783E12C /* NotesIcon@2x.png in Resources */ = {isa = PBXBuildFile; fileRef = A3EE68EEE7294536BEC9BE12 /* NotesIcon@2x.png */; };
		E468BD8E6D8D447C8DF7F5BB /* NotesIcon@3x.png in Resources */ = {isa = PBXBuildFile; fileRef = 48CE6C00C0304A56B40B607F /* NotesIcon@3x.png */; };
		CFBBDC7B522547F798A571CC /* NotesIcon~ipad.png in Resources */ = {isa = PBXBuildFile; fileRef = 182758F651E74DBFAD1B5F0E /* NotesIcon~ipad.png */; };
		E756617689F6444BB2330F34 /* NotesIcon~ipad@2x.png in Resources */ = {isa = PBXBuildFile; fileRef = 531277F179564E51A9140F20 /* NotesIcon~ipad@2x.png */; };
		1B8883E2ECAF44D8A5C8005F /* NotesIcon83.5@2x.png in Resources */ = {isa = PBXBuildFile; fileRef = 0BA920292D1E41F3B68F6BE9 /* NotesIcon83.5@2x.png */; };
		D42C15B515284E9CB77F0E3A /* MortifyWidget.appex in Copy Files */ = {isa = PBXBuildFile; fileRef = E5B2EEC33292403BAF8599D0 /* MortifyWidget.appex */; };
		0C59E8AC15A04FBDBBB7802D /* MortifyWidget.swift in Sources */ = {isa = PBXBuildFile; fileRef = 68015D60009A414C918F6CB1 /* MortifyWidget.swift */; };
/* End PBXBuildFile section */

/* Begin PBXFileReference section */
		2FAD9762203C412B000D30F8 /* config.xml */ = {isa = PBXFileReference; lastKnownFileType = text.xml; path = config.xml; sourceTree = "<group>"; };
		50379B222058CBB4000EE86E /* capacitor.config.json */ = {isa = PBXFileReference; fileEncoding = 4; lastKnownFileType = text.json; path = capacitor.config.json; sourceTree = "<group>"; };
		504EC3041FED79650016851F /* App.app */ = {isa = PBXFileReference; explicitFileType = wrapper.application; includeInIndex = 0; path = App.app; sourceTree = BUILT_PRODUCTS_DIR; };
		504EC3071FED79650016851F /* AppDelegate.swift */ = {isa = PBXFileReference; lastKnownFileType = sourcecode.swift; path = AppDelegate.swift; sourceTree = "<group>"; };
		504EC30C1FED79650016851F /* Base */ = {isa = PBXFileReference; lastKnownFileType = file.storyboard; name = Base; path = Base.lproj/Main.storyboard; sourceTree = "<group>"; };
		504EC30E1FED79650016851F /* Assets.xcassets */ = {isa = PBXFileReference; lastKnownFileType = folder.assetcatalog; path = Assets.xcassets; sourceTree = "<group>"; };
		504EC3111FED79650016851F /* Base */ = {isa = PBXFileReference; lastKnownFileType = file.storyboard; name = Base; path = Base.lproj/LaunchScreen.storyboard; sourceTree = "<group>"; };
		504EC3131FED79650016851F /* Info.plist */ = {isa = PBXFileReference; lastKnownFileType = text.plist.xml; path = Info.plist; sourceTree = "<group>"; };
		50B271D01FEDC1A000F3C39B /* public */ = {isa = PBXFileReference; lastKnownFileType = folder; path = public; sourceTree = "<group>"; };
		9582B6822FE993A50072D4E8 /* SceneDelegate.swift */ = {isa = PBXFileReference; lastKnownFileType = sourcecode.swift; path = SceneDelegate.swift; sourceTree = "<group>"; };
		958DCC722DB07C7200EA8C5F /* debug.xcconfig */ = {isa = PBXFileReference; lastKnownFileType = text.xcconfig; name = debug.xcconfig; path = ../debug.xcconfig; sourceTree = SOURCE_ROOT; };
		932569E3DA4C45E7B2205FC8 /* MortifyViewController.swift */ = {isa = PBXFileReference; name = "MortifyViewController.swift"; path = "MortifyViewController.swift"; sourceTree = "<group>"; fileEncoding = 4; lastKnownFileType = sourcecode.swift; includeInIndex = 0; };
		9E2E53D6903B4D87BDCFC59D /* MortifyVaultPlugin.swift */ = {isa = PBXFileReference; name = "MortifyVaultPlugin.swift"; path = "MortifyVaultPlugin.swift"; sourceTree = "<group>"; fileEncoding = 4; lastKnownFileType = sourcecode.swift; includeInIndex = 0; };
		6860F94902BF492FAB723D8E /* MortifyShieldPlugin.swift */ = {isa = PBXFileReference; name = "MortifyShieldPlugin.swift"; path = "MortifyShieldPlugin.swift"; sourceTree = "<group>"; fileEncoding = 4; lastKnownFileType = sourcecode.swift; includeInIndex = 0; };
		9E5E3CDA9B444868B11DAD39 /* MortifyAppearancePlugin.swift */ = {isa = PBXFileReference; name = "MortifyAppearancePlugin.swift"; path = "MortifyAppearancePlugin.swift"; sourceTree = "<group>"; fileEncoding = 4; lastKnownFileType = sourcecode.swift; includeInIndex = 0; };
		A3EE68EEE7294536BEC9BE12 /* NotesIcon@2x.png */ = {isa = PBXFileReference; name = "NotesIcon@2x.png"; path = "NotesIcon@2x.png"; sourceTree = "<group>"; lastKnownFileType = image.png; includeInIndex = 0; };
		48CE6C00C0304A56B40B607F /* NotesIcon@3x.png */ = {isa = PBXFileReference; name = "NotesIcon@3x.png"; path = "NotesIcon@3x.png"; sourceTree = "<group>"; lastKnownFileType = image.png; includeInIndex = 0; };
		182758F651E74DBFAD1B5F0E /* NotesIcon~ipad.png */ = {isa = PBXFileReference; name = "NotesIcon~ipad.png"; path = "NotesIcon~ipad.png"; sourceTree = "<group>"; lastKnownFileType = image.png; includeInIndex = 0; };
		531277F179564E51A9140F20 /* NotesIcon~ipad@2x.png */ = {isa = PBXFileReference; name = "NotesIcon~ipad@2x.png"; path = "NotesIcon~ipad@2x.png"; sourceTree = "<group>"; lastKnownFileType = image.png; includeInIndex = 0; };
		0BA920292D1E41F3B68F6BE9 /* NotesIcon83.5@2x.png */ = {isa = PBXFileReference; name = "NotesIcon83.5@2x.png"; path = "NotesIcon83.5@2x.png"; sourceTree = "<group>"; lastKnownFileType = image.png; includeInIndex = 0; };
		E5B2EEC33292403BAF8599D0 /* MortifyWidget.appex */ = {isa = PBXFileReference; name = "MortifyWidget.appex"; path = "MortifyWidget.appex"; sourceTree = BUILT_PRODUCTS_DIR; explicitFileType = "wrapper.app-extension"; includeInIndex = 0; };
		68015D60009A414C918F6CB1 /* MortifyWidget.swift */ = {isa = PBXFileReference; name = "MortifyWidget.swift"; path = "MortifyWidget.swift"; sourceTree = "<group>"; fileEncoding = 4; lastKnownFileType = sourcecode.swift; includeInIndex = 0; };
/* End PBXFileReference section */

/* Begin PBXFrameworksBuildPhase section */
		504EC3011FED79650016851F /* Frameworks */ = {
			isa = PBXFrameworksBuildPhase;
			buildActionMask = 2147483647;
			files = (
				4D22ABE92AF431CB00220026 /* CapApp-SPM in Frameworks */,
			);
			runOnlyForDeploymentPostprocessing = 0;
		};
		F34C1EFDA749427A87F116A8 /* Frameworks */ = {
			isa = PBXFrameworksBuildPhase;
			buildActionMask = 2147483647;
			files = (
			);
			runOnlyForDeploymentPostprocessing = 0;
		};
/* End PBXFrameworksBuildPhase section */

/* Begin PBXGroup section */
		504EC2FB1FED79650016851F = {
			isa = PBXGroup;
			children = (
				958DCC722DB07C7200EA8C5F /* debug.xcconfig */,
				504EC3061FED79650016851F /* App */,
				504EC3051FED79650016851F /* Products */,
				BB4FA89E5639405C95A36796 /* Resources */,
				85E01EA2C115459A99CBBEDA /* MortifyWidget */,
				490F9B7203E541469854DFDD /* MortifyWidget */,
				66C4DA1BF43C4087A463BD29 /* MortifyWidget */,
				A5B8F90864074ED0A8DEF2B5 /* MortifyWidget */,
			);
			sourceTree = "<group>";
		};
		504EC3051FED79650016851F /* Products */ = {
			isa = PBXGroup;
			children = (
				504EC3041FED79650016851F /* App.app */,
				E5B2EEC33292403BAF8599D0 /* MortifyWidget.appex */,
			);
			name = Products;
			sourceTree = "<group>";
		};
		504EC3061FED79650016851F /* App */ = {
			isa = PBXGroup;
			children = (
				9582B6822FE993A50072D4E8 /* SceneDelegate.swift */,
				50379B222058CBB4000EE86E /* capacitor.config.json */,
				504EC3071FED79650016851F /* AppDelegate.swift */,
				504EC30B1FED79650016851F /* Main.storyboard */,
				504EC30E1FED79650016851F /* Assets.xcassets */,
				504EC3101FED79650016851F /* LaunchScreen.storyboard */,
				504EC3131FED79650016851F /* Info.plist */,
				2FAD9762203C412B000D30F8 /* config.xml */,
				50B271D01FEDC1A000F3C39B /* public */,
				932569E3DA4C45E7B2205FC8 /* MortifyViewController.swift */,
				9E2E53D6903B4D87BDCFC59D /* MortifyVaultPlugin.swift */,
				6860F94902BF492FAB723D8E /* MortifyShieldPlugin.swift */,
				9E5E3CDA9B444868B11DAD39 /* MortifyAppearancePlugin.swift */,
				A3EE68EEE7294536BEC9BE12 /* NotesIcon@2x.png */,
				48CE6C00C0304A56B40B607F /* NotesIcon@3x.png */,
				182758F651E74DBFAD1B5F0E /* NotesIcon~ipad.png */,
				531277F179564E51A9140F20 /* NotesIcon~ipad@2x.png */,
				0BA920292D1E41F3B68F6BE9 /* NotesIcon83.5@2x.png */,
			);
			path = App;
			sourceTree = "<group>";
		};
		BB4FA89E5639405C95A36796 /* Resources */ = {
			isa = PBXGroup;
			children = (
			);
			name = Resources;
			sourceTree = "<group>";
		};
		85E01EA2C115459A99CBBEDA /* MortifyWidget */ = {
			isa = PBXGroup;
			children = (
				68015D60009A414C918F6CB1 /* MortifyWidget.swift */,
			);
			name = MortifyWidget;
			path = MortifyWidget;
			sourceTree = "<group>";
		};
		490F9B7203E541469854DFDD /* MortifyWidget */ = {
			isa = PBXGroup;
			children = (
			);
			name = MortifyWidget;
			path = MortifyWidget;
			sourceTree = "<group>";
		};
		66C4DA1BF43C4087A463BD29 /* MortifyWidget */ = {
			isa = PBXGroup;
			children = (
			);
			name = MortifyWidget;
			path = MortifyWidget;
			sourceTree = "<group>";
		};
		A5B8F90864074ED0A8DEF2B5 /* MortifyWidget */ = {
			isa = PBXGroup;
			children = (
			);
			name = MortifyWidget;
			path = MortifyWidget;
			sourceTree = "<group>";
		};
/* End PBXGroup section */

/* Begin PBXNativeTarget section */
		504EC3031FED79650016851F /* App */ = {
			isa = PBXNativeTarget;
			buildConfigurationList = 504EC3161FED79650016851F /* Build configuration list for PBXNativeTarget "App" */;
			buildPhases = (
				504EC3001FED79650016851F /* Sources */,
				504EC3011FED79650016851F /* Frameworks */,
				504EC3021FED79650016851F /* Resources */,
				3E2AAD88E0EF430EBCADBD8A /* Copy Files */,
				0979B1EB1475479EBF4F1705 /* Copy Files */,
				5870DCB196BF47A793BE8FF0 /* Copy Files */,
				0DDD2344B828407B86D9F271 /* Copy Files */,
			);
			buildRules = (
			);
			dependencies = (
			);
			name = App;
			packageProductDependencies = (
				4D22ABE82AF431CB00220026 /* CapApp-SPM */,
			);
			productName = App;
			productReference = 504EC3041FED79650016851F /* App.app */;
			productType = "com.apple.product-type.application";
		};
		F59B6E048F0A4F158FE1CB5E /* MortifyWidget */ = {
			isa = PBXNativeTarget;
			name = MortifyWidget;
			productName = "MortifyWidget";
			productReference = E5B2EEC33292403BAF8599D0;
			productType = "com.apple.product-type.app-extension";
			buildConfigurationList = 09F529AD12CB47938C869188;
			buildPhases = (
				C36ACDD8C17E4C1EBFD6A3CF /* Sources */,
				F34C1EFDA749427A87F116A8 /* Frameworks */,
				AFDA940C34494D659FCF1885 /* Resources */,
			);
			buildRules = (
			);
			dependencies = (
			);
		};
/* End PBXNativeTarget section */

/* Begin PBXProject section */
		504EC2FC1FED79650016851F /* Project object */ = {
			isa = PBXProject;
			attributes = {
				LastSwiftUpdateCheck = 920;
				LastUpgradeCheck = 920;
				TargetAttributes = {
					504EC3031FED79650016851F = {
						CreatedOnToolsVersion = 9.2;
						LastSwiftMigration = 1100;
						ProvisioningStyle = Automatic;
					};
				};
			};
			buildConfigurationList = 504EC2FF1FED79650016851F /* Build configuration list for PBXProject "App" */;
			compatibilityVersion = "Xcode 8.0";
			developmentRegion = en;
			hasScannedForEncodings = 0;
			knownRegions = (
				en,
				Base,
			);
			mainGroup = 504EC2FB1FED79650016851F;
			packageReferences = (
				D4C12C0A2AAA248700AAC8A2 /* XCLocalSwiftPackageReference "CapApp-SPM" */,
			);
			productRefGroup = 504EC3051FED79650016851F /* Products */;
			projectDirPath = "";
			projectRoot = "";
			targets = (
				504EC3031FED79650016851F /* App */,
				F59B6E048F0A4F158FE1CB5E /* "MortifyWidget" */,
			);
		};
/* End PBXProject section */

/* Begin PBXResourcesBuildPhase section */
		504EC3021FED79650016851F /* Resources */ = {
			isa = PBXResourcesBuildPhase;
			buildActionMask = 2147483647;
			files = (
				504EC3121FED79650016851F /* LaunchScreen.storyboard in Resources */,
				50B271D11FEDC1A000F3C39B /* public in Resources */,
				504EC30F1FED79650016851F /* Assets.xcassets in Resources */,
				50379B232058CBB4000EE86E /* capacitor.config.json in Resources */,
				504EC30D1FED79650016851F /* Main.storyboard in Resources */,
				2FAD9763203C412B000D30F8 /* config.xml in Resources */,
				D2B5CAE70A194759B783E12C /* NotesIcon@2x.png in Resources */,
				E468BD8E6D8D447C8DF7F5BB /* NotesIcon@3x.png in Resources */,
				CFBBDC7B522547F798A571CC /* NotesIcon~ipad.png in Resources */,
				E756617689F6444BB2330F34 /* NotesIcon~ipad@2x.png in Resources */,
				1B8883E2ECAF44D8A5C8005F /* NotesIcon83.5@2x.png in Resources */,
			);
			runOnlyForDeploymentPostprocessing = 0;
		};
		AFDA940C34494D659FCF1885 /* Resources */ = {
			isa = PBXResourcesBuildPhase;
			buildActionMask = 2147483647;
			files = (
			);
			runOnlyForDeploymentPostprocessing = 0;
		};
/* End PBXResourcesBuildPhase section */

/* Begin PBXSourcesBuildPhase section */
		504EC3001FED79650016851F /* Sources */ = {
			isa = PBXSourcesBuildPhase;
			buildActionMask = 2147483647;
			files = (
				504EC3081FED79650016851F /* AppDelegate.swift in Sources */,
				9582B6832FE993A70072D4E8 /* SceneDelegate.swift in Sources */,
				E18991411B7B4911908D70EA /* MortifyViewController.swift in Sources */,
				55933638DABB49DC826273CA /* MortifyVaultPlugin.swift in Sources */,
				380AE024F5514C0B99F645C2 /* MortifyShieldPlugin.swift in Sources */,
				3DEFFAE18E94450C93E12B1C /* MortifyAppearancePlugin.swift in Sources */,
			);
			runOnlyForDeploymentPostprocessing = 0;
		};
		C36ACDD8C17E4C1EBFD6A3CF /* Sources */ = {
			isa = PBXSourcesBuildPhase;
			buildActionMask = 2147483647;
			files = (
				0C59E8AC15A04FBDBBB7802D /* MortifyWidget.swift in Sources */,
			);
			runOnlyForDeploymentPostprocessing = 0;
		};
/* End PBXSourcesBuildPhase section */

/* Begin PBXVariantGroup section */
		504EC30B1FED79650016851F /* Main.storyboard */ = {
			isa = PBXVariantGroup;
			children = (
				504EC30C1FED79650016851F /* Base */,
			);
			name = Main.storyboard;
			sourceTree = "<group>";
		};
		504EC3101FED79650016851F /* LaunchScreen.storyboard */ = {
			isa = PBXVariantGroup;
			children = (
				504EC3111FED79650016851F /* Base */,
			);
			name = LaunchScreen.storyboard;
			sourceTree = "<group>";
		};
/* End PBXVariantGroup section */

/* Begin XCBuildConfiguration section */
		504EC3141FED79650016851F /* Debug */ = {
			isa = XCBuildConfiguration;
			baseConfigurationReference = 958DCC722DB07C7200EA8C5F /* debug.xcconfig */;
			buildSettings = {
				ALWAYS_SEARCH_USER_PATHS = NO;
				CLANG_ANALYZER_NONNULL = YES;
				CLANG_ANALYZER_NUMBER_OBJECT_CONVERSION = YES_AGGRESSIVE;
				CLANG_CXX_LANGUAGE_STANDARD = "gnu++14";
				CLANG_CXX_LIBRARY = "libc++";
				CLANG_ENABLE_MODULES = YES;
				CLANG_ENABLE_OBJC_ARC = YES;
				CLANG_WARN_BLOCK_CAPTURE_AUTORELEASING = YES;
				CLANG_WARN_BOOL_CONVERSION = YES;
				CLANG_WARN_COMMA = YES;
				CLANG_WARN_CONSTANT_CONVERSION = YES;
				CLANG_WARN_DIRECT_OBJC_ISA_USAGE = YES_ERROR;
				CLANG_WARN_DOCUMENTATION_COMMENTS = YES;
				CLANG_WARN_EMPTY_BODY = YES;
				CLANG_WARN_ENUM_CONVERSION = YES;
				CLANG_WARN_INFINITE_RECURSION = YES;
				CLANG_WARN_INT_CONVERSION = YES;
				CLANG_WARN_NON_LITERAL_NULL_CONVERSION = YES;
				CLANG_WARN_OBJC_LITERAL_CONVERSION = YES;
				CLANG_WARN_OBJC_ROOT_CLASS = YES_ERROR;
				CLANG_WARN_RANGE_LOOP_ANALYSIS = YES;
				CLANG_WARN_STRICT_PROTOTYPES = YES;
				CLANG_WARN_SUSPICIOUS_MOVE = YES;
				CLANG_WARN_UNGUARDED_AVAILABILITY = YES_AGGRESSIVE;
				CLANG_WARN_UNREACHABLE_CODE = YES;
				CLANG_WARN__DUPLICATE_METHOD_MATCH = YES;
				CODE_SIGN_IDENTITY = "iPhone Developer";
				COPY_PHASE_STRIP = NO;
				DEBUG_INFORMATION_FORMAT = dwarf;
				ENABLE_STRICT_OBJC_MSGSEND = YES;
				ENABLE_TESTABILITY = YES;
				GCC_C_LANGUAGE_STANDARD = gnu11;
				GCC_DYNAMIC_NO_PIC = NO;
				GCC_NO_COMMON_BLOCKS = YES;
				GCC_OPTIMIZATION_LEVEL = 0;
				GCC_PREPROCESSOR_DEFINITIONS = (
					"DEBUG=1",
					"$(inherited)",
				);
				GCC_WARN_64_TO_32_BIT_CONVERSION = YES;
				GCC_WARN_ABOUT_RETURN_TYPE = YES_ERROR;
				GCC_WARN_UNDECLARED_SELECTOR = YES;
				GCC_WARN_UNINITIALIZED_AUTOS = YES_AGGRESSIVE;
				GCC_WARN_UNUSED_FUNCTION = YES;
				GCC_WARN_UNUSED_VARIABLE = YES;
				IPHONEOS_DEPLOYMENT_TARGET = 15.0;
				MTL_ENABLE_DEBUG_INFO = YES;
				ONLY_ACTIVE_ARCH = YES;
				SDKROOT = iphoneos;
				SWIFT_ACTIVE_COMPILATION_CONDITIONS = DEBUG;
				SWIFT_OPTIMIZATION_LEVEL = "-Onone";
			};
			name = Debug;
		};
		504EC3151FED79650016851F /* Release */ = {
			isa = XCBuildConfiguration;
			buildSettings = {
				ALWAYS_SEARCH_USER_PATHS = NO;
				CLANG_ANALYZER_NONNULL = YES;
				CLANG_ANALYZER_NUMBER_OBJECT_CONVERSION = YES_AGGRESSIVE;
				CLANG_CXX_LANGUAGE_STANDARD = "gnu++14";
				CLANG_CXX_LIBRARY = "libc++";
				CLANG_ENABLE_MODULES = YES;
				CLANG_ENABLE_OBJC_ARC = YES;
				CLANG_WARN_BLOCK_CAPTURE_AUTORELEASING = YES;
				CLANG_WARN_BOOL_CONVERSION = YES;
				CLANG_WARN_COMMA = YES;
				CLANG_WARN_CONSTANT_CONVERSION = YES;
				CLANG_WARN_DIRECT_OBJC_ISA_USAGE = YES_ERROR;
				CLANG_WARN_DOCUMENTATION_COMMENTS = YES;
				CLANG_WARN_EMPTY_BODY = YES;
				CLANG_WARN_ENUM_CONVERSION = YES;
				CLANG_WARN_INFINITE_RECURSION = YES;
				CLANG_WARN_INT_CONVERSION = YES;
				CLANG_WARN_NON_LITERAL_NULL_CONVERSION = YES;
				CLANG_WARN_OBJC_LITERAL_CONVERSION = YES;
				CLANG_WARN_OBJC_ROOT_CLASS = YES_ERROR;
				CLANG_WARN_RANGE_LOOP_ANALYSIS = YES;
				CLANG_WARN_STRICT_PROTOTYPES = YES;
				CLANG_WARN_SUSPICIOUS_MOVE = YES;
				CLANG_WARN_UNGUARDED_AVAILABILITY = YES_AGGRESSIVE;
				CLANG_WARN_UNREACHABLE_CODE = YES;
				CLANG_WARN__DUPLICATE_METHOD_MATCH = YES;
				CODE_SIGN_IDENTITY = "iPhone Developer";
				COPY_PHASE_STRIP = NO;
				DEBUG_INFORMATION_FORMAT = "dwarf-with-dsym";
				ENABLE_NS_ASSERTIONS = NO;
				ENABLE_STRICT_OBJC_MSGSEND = YES;
				GCC_C_LANGUAGE_STANDARD = gnu11;
				GCC_NO_COMMON_BLOCKS = YES;
				GCC_WARN_64_TO_32_BIT_CONVERSION = YES;
				GCC_WARN_ABOUT_RETURN_TYPE = YES_ERROR;
				GCC_WARN_UNDECLARED_SELECTOR = YES;
				GCC_WARN_UNINITIALIZED_AUTOS = YES_AGGRESSIVE;
				GCC_WARN_UNUSED_FUNCTION = YES;
				GCC_WARN_UNUSED_VARIABLE = YES;
				IPHONEOS_DEPLOYMENT_TARGET = 15.0;
				MTL_ENABLE_DEBUG_INFO = NO;
				SDKROOT = iphoneos;
				SWIFT_COMPILATION_MODE = wholemodule;
				SWIFT_OPTIMIZATION_LEVEL = "-O";
				VALIDATE_PRODUCT = YES;
			};
			name = Release;
		};
		504EC3171FED79650016851F /* Debug */ = {
			isa = XCBuildConfiguration;
			baseConfigurationReference = 958DCC722DB07C7200EA8C5F /* debug.xcconfig */;
			buildSettings = {
				ASSETCATALOG_COMPILER_APPICON_NAME = AppIcon;
				CODE_SIGN_STYLE = Automatic;
				CURRENT_PROJECT_VERSION = 1;
				INFOPLIST_FILE = App/Info.plist;
				IPHONEOS_DEPLOYMENT_TARGET = 15.0;
				LD_RUNPATH_SEARCH_PATHS = (
					"$(inherited)",
					"@executable_path/Frameworks",
				);
				MARKETING_VERSION = 1.0;
				OTHER_SWIFT_FLAGS = "$(inherited) \"-D\" \"COCOAPODS\" \"-DDEBUG\"";
				PRODUCT_BUNDLE_IDENTIFIER = com.gentleking.mortify;
				PRODUCT_NAME = "$(TARGET_NAME)";
				SWIFT_ACTIVE_COMPILATION_CONDITIONS = DEBUG;
				SWIFT_VERSION = 5.0;
				TARGETED_DEVICE_FAMILY = "1,2";
				CODE_SIGN_ENTITLEMENTS = App/App.entitlements;
			};
			name = Debug;
		};
		504EC3181FED79650016851F /* Release */ = {
			isa = XCBuildConfiguration;
			buildSettings = {
				ASSETCATALOG_COMPILER_APPICON_NAME = AppIcon;
				CODE_SIGN_STYLE = Automatic;
				CURRENT_PROJECT_VERSION = 1;
				INFOPLIST_FILE = App/Info.plist;
				IPHONEOS_DEPLOYMENT_TARGET = 15.0;
				LD_RUNPATH_SEARCH_PATHS = (
					"$(inherited)",
					"@executable_path/Frameworks",
				);
				MARKETING_VERSION = 1.0;
				PRODUCT_BUNDLE_IDENTIFIER = com.gentleking.mortify;
				PRODUCT_NAME = "$(TARGET_NAME)";
				SWIFT_ACTIVE_COMPILATION_CONDITIONS = "";
				SWIFT_VERSION = 5.0;
				TARGETED_DEVICE_FAMILY = "1,2";
				CODE_SIGN_ENTITLEMENTS = App/App.entitlements;
			};
			name = Release;
		};
		1435E02C463D47219D38BC38 /* Debug */ = {
			name = Debug;
			isa = XCBuildConfiguration;
			buildSettings = {
				GCC_PREPROCESSOR_DEFINITIONS = (
					"DEBUG=1",
					"$(inherited)",
				);
				INFOPLIST_FILE = MortifyWidget/MortifyWidget-Info.plist;
				LD_RUNPATH_SEARCH_PATHS = "$(inherited) @executable_path/Frameworks @executable_path/../../Frameworks";
				PRODUCT_NAME = "MortifyWidget";
				SKIP_INSTALL = YES;
				PRODUCT_BUNDLE_IDENTIFIER = "com.gentleking.mortify.widget";
				IPHONEOS_DEPLOYMENT_TARGET = 16.0;
				SWIFT_VERSION = 5.0;
				SDKROOT = iphoneos;
				TARGETED_DEVICE_FAMILY = "1,2";
				CODE_SIGN_STYLE = Automatic;
				CURRENT_PROJECT_VERSION = 1;
				MARKETING_VERSION = 1.0;
				APPLICATION_EXTENSION_API_ONLY = YES;
				GENERATE_INFOPLIST_FILE = NO;
			};
		};
		72075392404A4E34BA2AE3CC /* Release */ = {
			name = Release;
			isa = XCBuildConfiguration;
			buildSettings = {
				INFOPLIST_FILE = MortifyWidget/MortifyWidget-Info.plist;
				LD_RUNPATH_SEARCH_PATHS = "$(inherited) @executable_path/Frameworks @executable_path/../../Frameworks";
				PRODUCT_NAME = "MortifyWidget";
				SKIP_INSTALL = YES;
				PRODUCT_BUNDLE_IDENTIFIER = "com.gentleking.mortify.widget";
				IPHONEOS_DEPLOYMENT_TARGET = 16.0;
				SWIFT_VERSION = 5.0;
				SDKROOT = iphoneos;
				TARGETED_DEVICE_FAMILY = "1,2";
				CODE_SIGN_STYLE = Automatic;
				CURRENT_PROJECT_VERSION = 1;
				MARKETING_VERSION = 1.0;
				APPLICATION_EXTENSION_API_ONLY = YES;
				GENERATE_INFOPLIST_FILE = NO;
			};
		};
/* End XCBuildConfiguration section */

/* Begin XCConfigurationList section */
		504EC2FF1FED79650016851F /* Build configuration list for PBXProject "App" */ = {
			isa = XCConfigurationList;
			buildConfigurations = (
				504EC3141FED79650016851F /* Debug */,
				504EC3151FED79650016851F /* Release */,
			);
			defaultConfigurationIsVisible = 0;
			defaultConfigurationName = Release;
		};
		504EC3161FED79650016851F /* Build configuration list for PBXNativeTarget "App" */ = {
			isa = XCConfigurationList;
			buildConfigurations = (
				504EC3171FED79650016851F /* Debug */,
				504EC3181FED79650016851F /* Release */,
			);
			defaultConfigurationIsVisible = 0;
			defaultConfigurationName = Release;
		};
		09F529AD12CB47938C869188 /* Build configuration list for PBXNativeTarget "MortifyWidget" */ = {
			isa = XCConfigurationList;
			buildConfigurations = (
				1435E02C463D47219D38BC38 /* Debug */,
				72075392404A4E34BA2AE3CC /* Release */,
			);
			defaultConfigurationIsVisible = 0;
			defaultConfigurationName = Release;
		};
/* End XCConfigurationList section */

/* Begin XCLocalSwiftPackageReference section */
		D4C12C0A2AAA248700AAC8A2 /* XCLocalSwiftPackageReference "CapApp-SPM" */ = {
			isa = XCLocalSwiftPackageReference;
			relativePath = "CapApp-SPM";
		};
/* End XCLocalSwiftPackageReference section */

/* Begin XCSwiftPackageProductDependency section */
		4D22ABE82AF431CB00220026 /* CapApp-SPM */ = {
			isa = XCSwiftPackageProductDependency;
			package = D4C12C0A2AAA248700AAC8A2 /* XCLocalSwiftPackageReference "CapApp-SPM" */;
			productName = "CapApp-SPM";
		};
/* End XCSwiftPackageProductDependency section */

/* Begin PBXCopyFilesBuildPhase section */
		3E2AAD88E0EF430EBCADBD8A /* Copy Files */ = {
			isa = PBXCopyFilesBuildPhase;
			buildActionMask = 2147483647;
			files = (
				D42C15B515284E9CB77F0E3A /* MortifyWidget.appex in Copy Files */,
			);
			runOnlyForDeploymentPostprocessing = 0;
			name = "Copy Files";
			dstPath = "";
			dstSubfolderSpec = 13;
		};
		0979B1EB1475479EBF4F1705 /* Copy Files */ = {
			isa = PBXCopyFilesBuildPhase;
			buildActionMask = 2147483647;
			files = (
			);
			runOnlyForDeploymentPostprocessing = 0;
			name = "Copy Files";
			dstPath = "";
			dstSubfolderSpec = 13;
		};
		5870DCB196BF47A793BE8FF0 /* Copy Files */ = {
			isa = PBXCopyFilesBuildPhase;
			buildActionMask = 2147483647;
			files = (
			);
			runOnlyForDeploymentPostprocessing = 0;
			name = "Copy Files";
			dstPath = "";
			dstSubfolderSpec = 13;
		};
		0DDD2344B828407B86D9F271 /* Copy Files */ = {
			isa = PBXCopyFilesBuildPhase;
			buildActionMask = 2147483647;
			files = (
			);
			runOnlyForDeploymentPostprocessing = 0;
			name = "Copy Files";
			dstPath = "";
			dstSubfolderSpec = 13;
		};
/* End PBXCopyFilesBuildPhase section */
	};
	rootObject = 504EC2FC1FED79650016851F /* Project object */;
}
